
Microsoft Visual Studio Solution File, Format Version 12.00
# Visual Studio 15
VisualStudioVersion = 15.0.26403.7
MinimumVisualStudioVersion = 10.0.40219.1
Project("{FAE04EC0-301F-11D3-BF4B-00C04F79EFBC}") = "リスト3.2　二次元配列の利用例", "リスト3.2　二次元配列の利用例\リスト3.2　二次元配列の利用例.csproj", "{222907B3-39D8-4CD4-9198-5FD4B01F0126}"
EndProject
Global
	GlobalSection(SolutionConfigurationPlatforms) = preSolution
		Debug|Any CPU = Debug|Any CPU
		Release|Any CPU = Release|Any CPU
	EndGlobalSection
	GlobalSection(ProjectConfigurationPlatforms) = postSolution
		{222907B3-39D8-4CD4-9198-5FD4B01F0126}.Debug|Any CPU.ActiveCfg = Debug|Any CPU
		{222907B3-39D8-4CD4-9198-5FD4B01F0126}.Debug|Any CPU.Build.0 = Debug|Any CPU
		{222907B3-39D8-4CD4-9198-5FD4B01F0126}.Release|Any CPU.ActiveCfg = Release|Any CPU
		{222907B3-39D8-4CD4-9198-5FD4B01F0126}.Release|Any CPU.Build.0 = Release|Any CPU
	EndGlobalSection
	GlobalSection(SolutionProperties) = preSolution
		HideSolutionNode = FALSE
	EndGlobalSection
EndGlobal
