
Microsoft Visual Studio Solution File, Format Version 12.00
# Visual Studio 15
VisualStudioVersion = 15.0.26403.7
MinimumVisualStudioVersion = 10.0.40219.1
Project("{FAE04EC0-301F-11D3-BF4B-00C04F79EFBC}") = "リスト3.4　和暦を西暦に変化する列挙型を利用したプログラム", "リスト3.4　和暦を西暦に変化する列挙型を利用したプログラム\リスト3.4　和暦を西暦に変化する列挙型を利用したプログラム.csproj", "{E2F9DB0C-6546-4424-AA81-51E81AE173B1}"
EndProject
Global
	GlobalSection(SolutionConfigurationPlatforms) = preSolution
		Debug|Any CPU = Debug|Any CPU
		Release|Any CPU = Release|Any CPU
	EndGlobalSection
	GlobalSection(ProjectConfigurationPlatforms) = postSolution
		{E2F9DB0C-6546-4424-AA81-51E81AE173B1}.Debug|Any CPU.ActiveCfg = Debug|Any CPU
		{E2F9DB0C-6546-4424-AA81-51E81AE173B1}.Debug|Any CPU.Build.0 = Debug|Any CPU
		{E2F9DB0C-6546-4424-AA81-51E81AE173B1}.Release|Any CPU.ActiveCfg = Release|Any CPU
		{E2F9DB0C-6546-4424-AA81-51E81AE173B1}.Release|Any CPU.Build.0 = Release|Any CPU
	EndGlobalSection
	GlobalSection(SolutionProperties) = preSolution
		HideSolutionNode = FALSE
	EndGlobalSection
EndGlobal
